// !$*UTF8*$!
{
	archiveVersion = 1;
	classes = {
	};
	objectVersion = 50;
	objects = {

/* Begin PBXBuildFile section */
		562003FCC3CC557D85172D89 /* Pods_Flixter.framework in Frameworks */ = {isa = PBXBuildFile; fileRef = 3DFDCDF72C207D89E1D348E8 /* Pods_Flixter.framework */; };
		974186723CDA9F2B5427CA09 /* Pods_FlixterUITests.framework in Frameworks */ = {isa = PBXBuildFile; fileRef = 7AC7A4B8EF0CBAA130524D53 /* Pods_FlixterUITests.framework */; };
		C1FA9639CB03DF98C21BA46A /* Pods_FlixterTests.framework in Frameworks */ = {isa = PBXBuildFile; fileRef = F1A782F78B986AA594AD3E6A /* Pods_FlixterTests.framework */; };
		E00A81CA21F7CDDB000F6DC2 /* AppDelegate.swift in Sources */ = {isa = PBXBuildFile; fileRef = E00A81C921F7CDDB000F6DC2 /* AppDelegate.swift */; };
		E00A81CF21F7CDDB000F6DC2 /* Main.storyboard in Resources */ = {isa = PBXBuildFile; fileRef = E00A81CD21F7CDDB000F6DC2 /* Main.storyboard */; };
		E00A81D121F7CDDD000F6DC2 /* Assets.xcassets in Resources */ = {isa = PBXBuildFile; fileRef = E00A81D021F7CDDD000F6DC2 /* Assets.xcassets */; };
		E00A81D421F7CDDD000F6DC2 /* LaunchScreen.storyboard in Resources */ = {isa = PBXBuildFile; fileRef = E00A81D221F7CDDD000F6DC2 /* LaunchScreen.storyboard */; };
		E00A81DF21F7CDDD000F6DC2 /* FlixterTests.swift in Sources */ = {isa = PBXBuildFile; fileRef = E00A81DE21F7CDDD000F6DC2 /* FlixterTests.swift */; };
		E00A81EA21F7CDDD000F6DC2 /* FlixterUITests.swift in Sources */ = {isa = PBXBuildFile; fileRef = E00A81E921F7CDDD000F6DC2 /* FlixterUITests.swift */; };
		E00A81F821F7D031000F6DC2 /* MoviesViewController.swift in Sources */ = {isa = PBXBuildFile; fileRef = E00A81F721F7D031000F6DC2 /* MoviesViewController.swift */; };
		E00A81FA21F7DF3A000F6DC2 /* MovieCell.swift in Sources */ = {isa = PBXBuildFile; fileRef = E00A81F921F7DF3A000F6DC2 /* MovieCell.swift */; };
		E058CC7B21FE77BF00B85144 /* MovieDetailsViewController.swift in Sources */ = {isa = PBXBuildFile; fileRef = E058CC7A21FE77BF00B85144 /* MovieDetailsViewController.swift */; };
		E058CC7D21FEA30100B85144 /* MovieGridViewController.swift in Sources */ = {isa = PBXBuildFile; fileRef = E058CC7C21FEA30100B85144 /* MovieGridViewController.swift */; };
		E058CC7F21FEA79000B85144 /* MovieGridCell.swift in Sources */ = {isa = PBXBuildFile; fileRef = E058CC7E21FEA79000B85144 /* MovieGridCell.swift */; };
/* End PBXBuildFile section */

/* Begin PBXContainerItemProxy section */
		E00A81DB21F7CDDD000F6DC2 /* PBXContainerItemProxy */ = {
			isa = PBXContainerItemProxy;
			containerPortal = E00A81BE21F7CDDB000F6DC2 /* Project object */;
			proxyType = 1;
			remoteGlobalIDString = E00A81C521F7CDDB000F6DC2;
			remoteInfo = Flixter;
		};
		E00A81E621F7CDDD000F6DC2 /* PBXContainerItemProxy */ = {
			isa = PBXContainerItemProxy;
			containerPortal = E00A81BE21F7CDDB000F6DC2 /* Project object */;
			proxyType = 1;
			remoteGlobalIDString = E00A81C521F7CDDB000F6DC2;
			remoteInfo = Flixter;
		};
/* End PBXContainerItemProxy section */

/* Begin PBXFileReference section */
		0C2609DE761F6AC411BBD2F0 /* Pods-FlixterUITests.release.xcconfig */ = {isa = PBXFileReference; includeInIndex = 1; lastKnownFileType = text.xcconfig; name = "Pods-FlixterUITests.release.xcconfig"; path = "Pods/Target Support Files/Pods-FlixterUITests/Pods-FlixterUITests.release.xcconfig"; sourceTree = "<group>"; };
		1DB6FD40BB32E95F8A353DEC /* Pods-Flixter.release.xcconfig */ = {isa = PBXFileReference; includeInIndex = 1; lastKnownFileType = text.xcconfig; name = "Pods-Flixter.release.xcconfig"; path = "Pods/Target Support Files/Pods-Flixter/Pods-Flixter.release.xcconfig"; sourceTree = "<group>"; };
		3DFDCDF72C207D89E1D348E8 /* Pods_Flixter.framework */ = {isa = PBXFileReference; explicitFileType = wrapper.framework; includeInIndex = 0; path = Pods_Flixter.framework; sourceTree = BUILT_PRODUCTS_DIR; };
		604B2FCEAE04B0A7FAE0F633 /* Pods-FlixterTests.release.xcconfig */ = {isa = PBXFileReference; includeInIndex = 1; lastKnownFileType = text.xcconfig; name = "Pods-FlixterTests.release.xcconfig"; path = "Pods/Target Support Files/Pods-FlixterTests/Pods-FlixterTests.release.xcconfig"; sourceTree = "<group>"; };
		7AC7A4B8EF0CBAA130524D53 /* Pods_FlixterUITests.framework */ = {isa = PBXFileReference; explicitFileType = wrapper.framework; includeInIndex = 0; path = Pods_FlixterUITests.framework; sourceTree = BUILT_PRODUCTS_DIR; };
		814A045C3B6665D93757094C /* Pods-FlixterTests.debug.xcconfig */ = {isa = PBXFileReference; includeInIndex = 1; lastKnownFileType = text.xcconfig; name = "Pods-FlixterTests.debug.xcconfig"; path = "Pods/Target Support Files/Pods-FlixterTests/Pods-FlixterTests.debug.xcconfig"; sourceTree = "<group>"; };
		89B78343CA9D21C5714853BF /* Pods-Flixter.debug.xcconfig */ = {isa = PBXFileReference; includeInIndex = 1; lastKnownFileType = text.xcconfig; name = "Pods-Flixter.debug.xcconfig"; path = "Pods/Target Support Files/Pods-Flixter/Pods-Flixter.debug.xcconfig"; sourceTree = "<group>"; };
		AD8983D26029FC1CD54AF6F4 /* Pods-FlixterUITests.debug.xcconfig */ = {isa = PBXFileReference; includeInIndex = 1; lastKnownFileType = text.xcconfig; name = "Pods-FlixterUITests.debug.xcconfig"; path = "Pods/Target Support Files/Pods-FlixterUITests/Pods-FlixterUITests.debug.xcconfig"; sourceTree = "<group>"; };
		E00A81C621F7CDDB000F6DC2 /* Flixter.app */ = {isa = PBXFileReference; explicitFileType = wrapper.application; includeInIndex = 0; path = Flixter.app; sourceTree = BUILT_PRODUCTS_DIR; };
		E00A81C921F7CDDB000F6DC2 /* AppDelegate.swift */ = {isa = PBXFileReference; lastKnownFileType = sourcecode.swift; path = AppDelegate.swift; sourceTree = "<group>"; };
		E00A81CE21F7CDDB000F6DC2 /* Base */ = {isa = PBXFileReference; lastKnownFileType = file.storyboard; name = Base; path = Base.lproj/Main.storyboard; sourceTree = "<group>"; };
		E00A81D021F7CDDD000F6DC2 /* Assets.xcassets */ = {isa = PBXFileReference; lastKnownFileType = folder.assetcatalog; path = Assets.xcassets; sourceTree = "<group>"; };
		E00A81D321F7CDDD000F6DC2 /* Base */ = {isa = PBXFileReference; lastKnownFileType = file.storyboard; name = Base; path = Base.lproj/LaunchScreen.storyboard; sourceTree = "<group>"; };
		E00A81D521F7CDDD000F6DC2 /* Info.plist */ = {isa = PBXFileReference; lastKnownFileType = text.plist.xml; path = Info.plist; sourceTree = "<group>"; };
		E00A81DA21F7CDDD000F6DC2 /* FlixterTests.xctest */ = {isa = PBXFileReference; explicitFileType = wrapper.cfbundle; includeInIndex = 0; path = FlixterTests.xctest; sourceTree = BUILT_PRODUCTS_DIR; };
		E00A81DE21F7CDDD000F6DC2 /* FlixterTests.swift */ = {isa = PBXFileReference; lastKnownFileType = sourcecode.swift; path = FlixterTests.swift; sourceTree = "<group>"; };
		E00A81E021F7CDDD000F6DC2 /* Info.plist */ = {isa = PBXFileReference; lastKnownFileType = text.plist.xml; path = Info.plist; sourceTree = "<group>"; };
		E00A81E521F7CDDD000F6DC2 /* FlixterUITests.xctest */ = {isa = PBXFileReference; explicitFileType = wrapper.cfbundle; includeInIndex = 0; path = FlixterUITests.xctest; sourceTree = BUILT_PRODUCTS_DIR; };
		E00A81E921F7CDDD000F6DC2 /* FlixterUITests.swift */ = {isa = PBXFileReference; lastKnownFileType = sourcecode.swift; path = FlixterUITests.swift; sourceTree = "<group>"; };
		E00A81EB21F7CDDD000F6DC2 /* Info.plist */ = {isa = PBXFileReference; lastKnownFileType = text.plist.xml; path = Info.plist; sourceTree = "<group>"; };
		E00A81F721F7D031000F6DC2 /* MoviesViewController.swift */ = {isa = PBXFileReference; lastKnownFileType = sourcecode.swift; path = MoviesViewController.swift; sourceTree = "<group>"; };
		E00A81F921F7DF3A000F6DC2 /* MovieCell.swift */ = {isa = PBXFileReference; lastKnownFileType = sourcecode.swift; path = MovieCell.swift; sourceTree = "<group>"; };
		E058CC7A21FE77BF00B85144 /* MovieDetailsViewController.swift */ = {isa = PBXFileReference; lastKnownFileType = sourcecode.swift; path = MovieDetailsViewController.swift; sourceTree = "<group>"; };
		E058CC7C21FEA30100B85144 /* MovieGridViewController.swift */ = {isa = PBXFileReference; lastKnownFileType = sourcecode.swift; path = MovieGridViewController.swift; sourceTree = "<group>"; };
		E058CC7E21FEA79000B85144 /* MovieGridCell.swift */ = {isa = PBXFileReference; lastKnownFileType = sourcecode.swift; path = MovieGridCell.swift; sourceTree = "<group>"; };
		F1A782F78B986AA594AD3E6A /* Pods_FlixterTests.framework */ = {isa = PBXFileReference; explicitFileType = wrapper.framework; includeInIndex = 0; path = Pods_FlixterTests.framework; sourceTree = BUILT_PRODUCTS_DIR; };
/* End PBXFileReference section */

/* Begin PBXFrameworksBuildPhase section */
		E00A81C321F7CDDB000F6DC2 /* Frameworks */ = {
			isa = PBXFrameworksBuildPhase;
			buildActionMask = 2147483647;
			files = (
				562003FCC3CC557D85172D89 /* Pods_Flixter.framework in Frameworks */,
			);
			runOnlyForDeploymentPostprocessing = 0;
		};
		E00A81D721F7CDDD000F6DC2 /* Frameworks */ = {
			isa = PBXFrameworksBuildPhase;
			buildActionMask = 2147483647;
			files = (
				C1FA9639CB03DF98C21BA46A /* Pods_FlixterTests.framework in Frameworks */,
			);
			runOnlyForDeploymentPostprocessing = 0;
		};
		E00A81E221F7CDDD000F6DC2 /* Frameworks */ = {
			isa = PBXFrameworksBuildPhase;
			buildActionMask = 2147483647;
			files = (
				974186723CDA9F2B5427CA09 /* Pods_FlixterUITests.framework in Frameworks */,
			);
			runOnlyForDeploymentPostprocessing = 0;
		};
/* End PBXFrameworksBuildPhase section */

/* Begin PBXGroup section */
		035A9CA30DB00BCF8912E16A /* Pods */ = {
			isa = PBXGroup;
			children = (
				89B78343CA9D21C5714853BF /* Pods-Flixter.debug.xcconfig */,
				1DB6FD40BB32E95F8A353DEC /* Pods-Flixter.release.xcconfig */,
				814A045C3B6665D93757094C /* Pods-FlixterTests.debug.xcconfig */,
				604B2FCEAE04B0A7FAE0F633 /* Pods-FlixterTests.release.xcconfig */,
				AD8983D26029FC1CD54AF6F4 /* Pods-FlixterUITests.debug.xcconfig */,
				0C2609DE761F6AC411BBD2F0 /* Pods-FlixterUITests.release.xcconfig */,
			);
			name = Pods;
			sourceTree = "<group>";
		};
		D557DAD022F75A1AE88A9C22 /* Frameworks */ = {
			isa = PBXGroup;
			children = (
				3DFDCDF72C207D89E1D348E8 /* Pods_Flixter.framework */,
				F1A782F78B986AA594AD3E6A /* Pods_FlixterTests.framework */,
				7AC7A4B8EF0CBAA130524D53 /* Pods_FlixterUITests.framework */,
			);
			name = Frameworks;
			sourceTree = "<group>";
		};
		E00A81BD21F7CDDB000F6DC2 = {
			isa = PBXGroup;
			children = (
				E00A81C821F7CDDB000F6DC2 /* Flixter */,
				E00A81DD21F7CDDD000F6DC2 /* FlixterTests */,
				E00A81E821F7CDDD000F6DC2 /* FlixterUITests */,
				E00A81C721F7CDDB000F6DC2 /* Products */,
				035A9CA30DB00BCF8912E16A /* Pods */,
				D557DAD022F75A1AE88A9C22 /* Frameworks */,
			);
			sourceTree = "<group>";
		};
		E00A81C721F7CDDB000F6DC2 /* Products */ = {
			isa = PBXGroup;
			children = (
				E00A81C621F7CDDB000F6DC2 /* Flixter.app */,
				E00A81DA21F7CDDD000F6DC2 /* FlixterTests.xctest */,
				E00A81E521F7CDDD000F6DC2 /* FlixterUITests.xctest */,
			);
			name = Products;
			sourceTree = "<group>";
		};
		E00A81C821F7CDDB000F6DC2 /* Flixter */ = {
			isa = PBXGroup;
			children = (
				E00A81C921F7CDDB000F6DC2 /* AppDelegate.swift */,
				E00A81CD21F7CDDB000F6DC2 /* Main.storyboard */,
				E00A81D021F7CDDD000F6DC2 /* Assets.xcassets */,
				E00A81D221F7CDDD000F6DC2 /* LaunchScreen.storyboard */,
				E00A81D521F7CDDD000F6DC2 /* Info.plist */,
				E00A81F721F7D031000F6DC2 /* MoviesViewController.swift */,
				E00A81F921F7DF3A000F6DC2 /* MovieCell.swift */,
				E058CC7A21FE77BF00B85144 /* MovieDetailsViewController.swift */,
				E058CC7C21FEA30100B85144 /* MovieGridViewController.swift */,
				E058CC7E21FEA79000B85144 /* MovieGridCell.swift */,
			);
			path = Flixter;
			sourceTree = "<group>";
		};
		E00A81DD21F7CDDD000F6DC2 /* FlixterTests */ = {
			isa = PBXGroup;
			children = (
				E00A81DE21F7CDDD000F6DC2 /* FlixterTests.swift */,
				E00A81E021F7CDDD000F6DC2 /* Info.plist */,
			);
			path = FlixterTests;
			sourceTree = "<group>";
		};
		E00A81E821F7CDDD000F6DC2 /* FlixterUITests */ = {
			isa = PBXGroup;
			children = (
				E00A81E921F7CDDD000F6DC2 /* FlixterUITests.swift */,
				E00A81EB21F7CDDD000F6DC2 /* Info.plist */,
			);
			path = FlixterUITests;
			sourceTree = "<group>";
		};
/* End PBXGroup section */

/* Begin PBXNativeTarget section */
		E00A81C521F7CDDB000F6DC2 /* Flixter */ = {
			isa = PBXNativeTarget;
			buildConfigurationList = E00A81EE21F7CDDD000F6DC2 /* Build configuration list for PBXNativeTarget "Flixter" */;
			buildPhases = (
				3C3CD4E65810481ED89E44D7 /* [CP] Check Pods Manifest.lock */,
				E00A81C221F7CDDB000F6DC2 /* Sources */,
				E00A81C321F7CDDB000F6DC2 /* Frameworks */,
				E00A81C421F7CDDB000F6DC2 /* Resources */,
				73702369F9F5169EA696C6CD /* [CP] Embed Pods Frameworks */,
			);
			buildRules = (
			);
			dependencies = (
			);
			name = Flixter;
			productName = Flixter;
			productReference = E00A81C621F7CDDB000F6DC2 /* Flixter.app */;
			productType = "com.apple.product-type.application";
		};
		E00A81D921F7CDDD000F6DC2 /* FlixterTests */ = {
			isa = PBXNativeTarget;
			buildConfigurationList = E00A81F121F7CDDD000F6DC2 /* Build configuration list for PBXNativeTarget "FlixterTests" */;
			buildPhases = (
				90F853D64F15DC4661295D30 /* [CP] Check Pods Manifest.lock */,
				E00A81D621F7CDDD000F6DC2 /* Sources */,
				E00A81D721F7CDDD000F6DC2 /* Frameworks */,
				E00A81D821F7CDDD000F6DC2 /* Resources */,
			);
			buildRules = (
			);
			dependencies = (
				E00A81DC21F7CDDD000F6DC2 /* PBXTargetDependency */,
			);
			name = FlixterTests;
			productName = FlixterTests;
			productReference = E00A81DA21F7CDDD000F6DC2 /* FlixterTests.xctest */;
			productType = "com.apple.product-type.bundle.unit-test";
		};
		E00A81E421F7CDDD000F6DC2 /* FlixterUITests */ = {
			isa = PBXNativeTarget;
			buildConfigurationList = E00A81F421F7CDDD000F6DC2 /* Build configuration list for PBXNativeTarget "FlixterUITests" */;
			buildPhases = (
				8B9E54BAF97B5429CE0C4119 /* [CP] Check Pods Manifest.lock */,
				E00A81E121F7CDDD000F6DC2 /* Sources */,
				E00A81E221F7CDDD000F6DC2 /* Frameworks */,
				E00A81E321F7CDDD000F6DC2 /* Resources */,
			);
			buildRules = (
			);
			dependencies = (
				E00A81E721F7CDDD000F6DC2 /* PBXTargetDependency */,
			);
			name = FlixterUITests;
			productName = FlixterUITests;
			productReference = E00A81E521F7CDDD000F6DC2 /* FlixterUITests.xctest */;
			productType = "com.apple.product-type.bundle.ui-testing";
		};
/* End PBXNativeTarget section */

/* Begin PBXProject section */
		E00A81BE21F7CDDB000F6DC2 /* Project object */ = {
			isa = PBXProject;
			attributes = {
				LastSwiftUpdateCheck = 1010;
				LastUpgradeCheck = 1010;
				ORGANIZATIONNAME = "Chanyue Hu";
				TargetAttributes = {
					E00A81C521F7CDDB000F6DC2 = {
						CreatedOnToolsVersion = 10.1;
					};
					E00A81D921F7CDDD000F6DC2 = {
						CreatedOnToolsVersion = 10.1;
						TestTargetID = E00A81C521F7CDDB000F6DC2;
					};
					E00A81E421F7CDDD000F6DC2 = {
						CreatedOnToolsVersion = 10.1;
						TestTargetID = E00A81C521F7CDDB000F6DC2;
					};
				};
			};
			buildConfigurationList = E00A81C121F7CDDB000F6DC2 /* Build configuration list for PBXProject "Flixter" */;
			compatibilityVersion = "Xcode 9.3";
			developmentRegion = en;
			hasScannedForEncodings = 0;
			knownRegions = (
				en,
				Base,
			);
			mainGroup = E00A81BD21F7CDDB000F6DC2;
			productRefGroup = E00A81C721F7CDDB000F6DC2 /* Products */;
			projectDirPath = "";
			projectRoot = "";
			targets = (
				E00A81C521F7CDDB000F6DC2 /* Flixter */,
				E00A81D921F7CDDD000F6DC2 /* FlixterTests */,
				E00A81E421F7CDDD000F6DC2 /* FlixterUITests */,
			);
		};
/* End PBXProject section */

/* Begin PBXResourcesBuildPhase section */
		E00A81C421F7CDDB000F6DC2 /* Resources */ = {
			isa = PBXResourcesBuildPhase;
			buildActionMask = 2147483647;
			files = (
				E00A81D421F7CDDD000F6DC2 /* LaunchScreen.storyboard in Resources */,
				E00A81D121F7CDDD000F6DC2 /* Assets.xcassets in Resources */,
				E00A81CF21F7CDDB000F6DC2 /* Main.storyboard in Resources */,
			);
			runOnlyForDeploymentPostprocessing = 0;
		};
		E00A81D821F7CDDD000F6DC2 /* Resources */ = {
			isa = PBXResourcesBuildPhase;
			buildActionMask = 2147483647;
			files = (
			);
			runOnlyForDeploymentPostprocessing = 0;
		};
		E00A81E321F7CDDD000F6DC2 /* Resources */ = {
			isa = PBXResourcesBuildPhase;
			buildActionMask = 2147483647;
			files = (
			);
			runOnlyForDeploymentPostprocessing = 0;
		};
/* End PBXResourcesBuildPhase section */

/* Begin PBXShellScriptBuildPhase section */
		3C3CD4E65810481ED89E44D7 /* [CP] Check Pods Manifest.lock */ = {
			isa = PBXShellScriptBuildPhase;
			buildActionMask = 2147483647;
			files = (
			);
			inputFileListPaths = (
			);
			inputPaths = (
				"${PODS_PODFILE_DIR_PATH}/Podfile.lock",
				"${PODS_ROOT}/Manifest.lock",
			);
			name = "[CP] Check Pods Manifest.lock";
			outputFileListPaths = (
			);
			outputPaths = (
				"$(DERIVED_FILE_DIR)/Pods-Flixter-checkManifestLockResult.txt",
			);
			runOnlyForDeploymentPostprocessing = 0;
			shellPath = /bin/sh;
			shellScript = "diff \"${PODS_PODFILE_DIR_PATH}/Podfile.lock\" \"${PODS_ROOT}/Manifest.lock\" > /dev/null\nif [ $? != 0 ] ; then\n    # print error to STDERR\n    echo \"error: The sandbox is not in sync with the Podfile.lock. Run 'pod install' or update your CocoaPods installation.\" >&2\n    exit 1\nfi\n# This output is used by Xcode 'outputs' to avoid re-running this script phase.\necho \"SUCCESS\" > \"${SCRIPT_OUTPUT_FILE_0}\"\n";
			showEnvVarsInLog = 0;
		};
		73702369F9F5169EA696C6CD /* [CP] Embed Pods Frameworks */ = {
			isa = PBXShellScriptBuildPhase;
			buildActionMask = 2147483647;
			files = (
			);
			inputFileListPaths = (
			);
			inputPaths = (
				"${SRCROOT}/Pods/Target Support Files/Pods-Flixter/Pods-Flixter-frameworks.sh",
				"${BUILT_PRODUCTS_DIR}/Alamofire/Alamofire.framework",
				"${BUILT_PRODUCTS_DIR}/AlamofireImage/AlamofireImage.framework",
			);
			name = "[CP] Embed Pods Frameworks";
			outputFileListPaths = (
			);
			outputPaths = (
				"${TARGET_BUILD_DIR}/${FRAMEWORKS_FOLDER_PATH}/Alamofire.framework",
				"${TARGET_BUILD_DIR}/${FRAMEWORKS_FOLDER_PATH}/AlamofireImage.framework",
			);
			runOnlyForDeploymentPostprocessing = 0;
			shellPath = /bin/sh;
			shellScript = "\"${SRCROOT}/Pods/Target Support Files/Pods-Flixter/Pods-Flixter-frameworks.sh\"\n";
			showEnvVarsInLog = 0;
		};
		8B9E54BAF97B5429CE0C4119 /* [CP] Check Pods Manifest.lock */ = {
			isa = PBXShellScriptBuildPhase;
			buildActionMask = 2147483647;
			files = (
			);
			inputFileListPaths = (
			);
			inputPaths = (
				"${PODS_PODFILE_DIR_PATH}/Podfile.lock",
				"${PODS_ROOT}/Manifest.lock",
			);
			name = "[CP] Check Pods Manifest.lock";
			outputFileListPaths = (
			);
			outputPaths = (
				"$(DERIVED_FILE_DIR)/Pods-FlixterUITests-checkManifestLockResult.txt",
			);
			runOnlyForDeploymentPostprocessing = 0;
			shellPath = /bin/sh;
			shellScript = "diff \"${PODS_PODFILE_DIR_PATH}/Podfile.lock\" \"${PODS_ROOT}/Manifest.lock\" > /dev/null\nif [ $? != 0 ] ; then\n    # print error to STDERR\n    echo \"error: The sandbox is not in sync with the Podfile.lock. Run 'pod install' or update your CocoaPods installation.\" >&2\n    exit 1\nfi\n# This output is used by Xcode 'outputs' to avoid re-running this script phase.\necho \"SUCCESS\" > \"${SCRIPT_OUTPUT_FILE_0}\"\n";
			showEnvVarsInLog = 0;
		};
		90F853D64F15DC4661295D30 /* [CP] Check Pods Manifest.lock */ = {
			isa = PBXShellScriptBuildPhase;
			buildActionMask = 2147483647;
			files = (
			);
			inputFileListPaths = (
			);
			inputPaths = (
				"${PODS_PODFILE_DIR_PATH}/Podfile.lock",
				"${PODS_ROOT}/Manifest.lock",
			);
			name = "[CP] Check Pods Manifest.lock";
			outputFileListPaths = (
			);
			outputPaths = (
				"$(DERIVED_FILE_DIR)/Pods-FlixterTests-checkManifestLockResult.txt",
			);
			runOnlyForDeploymentPostprocessing = 0;
			shellPath = /bin/sh;
			shellScript = "diff \"${PODS_PODFILE_DIR_PATH}/Podfile.lock\" \"${PODS_ROOT}/Manifest.lock\" > /dev/null\nif [ $? != 0 ] ; then\n    # print error to STDERR\n    echo \"error: The sandbox is not in sync with the Podfile.lock. Run 'pod install' or update your CocoaPods installation.\" >&2\n    exit 1\nfi\n# This output is used by Xcode 'outputs' to avoid re-running this script phase.\necho \"SUCCESS\" > \"${SCRIPT_OUTPUT_FILE_0}\"\n";
			showEnvVarsInLog = 0;
		};
/* End PBXShellScriptBuildPhase section */

/* Begin PBXSourcesBuildPhase section */
		E00A81C221F7CDDB000F6DC2 /* Sources */ = {
			isa = PBXSourcesBuildPhase;
			buildActionMask = 2147483647;
			files = (
				E058CC7D21FEA30100B85144 /* MovieGridViewController.swift in Sources */,
				E058CC7B21FE77BF00B85144 /* MovieDetailsViewController.swift in Sources */,
				E00A81CA21F7CDDB000F6DC2 /* AppDelegate.swift in Sources */,
				E00A81F821F7D031000F6DC2 /* MoviesViewController.swift in Sources */,
				E058CC7F21FEA79000B85144 /* MovieGridCell.swift in Sources */,
				E00A81FA21F7DF3A000F6DC2 /* MovieCell.swift in Sources */,
			);
			runOnlyForDeploymentPostprocessing = 0;
		};
		E00A81D621F7CDDD000F6DC2 /* Sources */ = {
			isa = PBXSourcesBuildPhase;
			buildActionMask = 2147483647;
			files = (
				E00A81DF21F7CDDD000F6DC2 /* FlixterTests.swift in Sources */,
			);
			runOnlyForDeploymentPostprocessing = 0;
		};
		E00A81E121F7CDDD000F6DC2 /* Sources */ = {
			isa = PBXSourcesBuildPhase;
			buildActionMask = 2147483647;
			files = (
				E00A81EA21F7CDDD000F6DC2 /* FlixterUITests.swift in Sources */,
			);
			runOnlyForDeploymentPostprocessing = 0;
		};
/* End PBXSourcesBuildPhase section */

/* Begin PBXTargetDependency section */
		E00A81DC21F7CDDD000F6DC2 /* PBXTargetDependency */ = {
			isa = PBXTargetDependency;
			target = E00A81C521F7CDDB000F6DC2 /* Flixter */;
			targetProxy = E00A81DB21F7CDDD000F6DC2 /* PBXContainerItemProxy */;
		};
		E00A81E721F7CDDD000F6DC2 /* PBXTargetDependency */ = {
			isa = PBXTargetDependency;
			target = E00A81C521F7CDDB000F6DC2 /* Flixter */;
			targetProxy = E00A81E621F7CDDD000F6DC2 /* PBXContainerItemProxy */;
		};
/* End PBXTargetDependency section */

/* Begin PBXVariantGroup section */
		E00A81CD21F7CDDB000F6DC2 /* Main.storyboard */ = {
			isa = PBXVariantGroup;
			children = (
				E00A81CE21F7CDDB000F6DC2 /* Base */,
			);
			name = Main.storyboard;
			sourceTree = "<group>";
		};
		E00A81D221F7CDDD000F6DC2 /* LaunchScreen.storyboard */ = {
			isa = PBXVariantGroup;
			children = (
				E00A81D321F7CDDD000F6DC2 /* Base */,
			);
			name = LaunchScreen.storyboard;
			sourceTree = "<group>";
		};
/* End PBXVariantGroup section */

/* Begin XCBuildConfiguration section */
		E00A81EC21F7CDDD000F6DC2 /* Debug */ = {
			isa = XCBuildConfiguration;
			buildSettings = {
				ALWAYS_SEARCH_USER_PATHS = NO;
				CLANG_ANALYZER_NONNULL = YES;
				CLANG_ANALYZER_NUMBER_OBJECT_CONVERSION = YES_AGGRESSIVE;
				CLANG_CXX_LANGUAGE_STANDARD = "gnu++14";
				CLANG_CXX_LIBRARY = "libc++";
				CLANG_ENABLE_MODULES = YES;
				CLANG_ENABLE_OBJC_ARC = YES;
				CLANG_ENABLE_OBJC_WEAK = YES;
				CLANG_WARN_BLOCK_CAPTURE_AUTORELEASING = YES;
				CLANG_WARN_BOOL_CONVERSION = YES;
				CLANG_WARN_COMMA = YES;
				CLANG_WARN_CONSTANT_CONVERSION = YES;
				CLANG_WARN_DEPRECATED_OBJC_IMPLEMENTATIONS = YES;
				CLANG_WARN_DIRECT_OBJC_ISA_USAGE = YES_ERROR;
				CLANG_WARN_DOCUMENTATION_COMMENTS = YES;
				CLANG_WARN_EMPTY_BODY = YES;
				CLANG_WARN_ENUM_CONVERSION = YES;
				CLANG_WARN_INFINITE_RECURSION = YES;
				CLANG_WARN_INT_CONVERSION = YES;
				CLANG_WARN_NON_LITERAL_NULL_CONVERSION = YES;
				CLANG_WARN_OBJC_IMPLICIT_RETAIN_SELF = YES;
				CLANG_WARN_OBJC_LITERAL_CONVERSION = YES;
				CLANG_WARN_OBJC_ROOT_CLASS = YES_ERROR;
				CLANG_WARN_RANGE_LOOP_ANALYSIS = YES;
				CLANG_WARN_STRICT_PROTOTYPES = YES;
				CLANG_WARN_SUSPICIOUS_MOVE = YES;
				CLANG_WARN_UNGUARDED_AVAILABILITY = YES_AGGRESSIVE;
				CLANG_WARN_UNREACHABLE_CODE = YES;
				CLANG_WARN__DUPLICATE_METHOD_MATCH = YES;
				CODE_SIGN_IDENTITY = "iPhone Developer";
				COPY_PHASE_STRIP = NO;
				DEBUG_INFORMATION_FORMAT = dwarf;
				ENABLE_STRICT_OBJC_MSGSEND = YES;
				ENABLE_TESTABILITY = YES;
				GCC_C_LANGUAGE_STANDARD = gnu11;
				GCC_DYNAMIC_NO_PIC = NO;
				GCC_NO_COMMON_BLOCKS = YES;
				GCC_OPTIMIZATION_LEVEL = 0;
				GCC_PREPROCESSOR_DEFINITIONS = (
					"DEBUG=1",
					"$(inherited)",
				);
				GCC_WARN_64_TO_32_BIT_CONVERSION = YES;
				GCC_WARN_ABOUT_RETURN_TYPE = YES_ERROR;
				GCC_WARN_UNDECLARED_SELECTOR = YES;
				GCC_WARN_UNINITIALIZED_AUTOS = YES_AGGRESSIVE;
				GCC_WARN_UNUSED_FUNCTION = YES;
				GCC_WARN_UNUSED_VARIABLE = YES;
				IPHONEOS_DEPLOYMENT_TARGET = 12.1;
				MTL_ENABLE_DEBUG_INFO = INCLUDE_SOURCE;
				MTL_FAST_MATH = YES;
				ONLY_ACTIVE_ARCH = YES;
				SDKROOT = iphoneos;
				SWIFT_ACTIVE_COMPILATION_CONDITIONS = DEBUG;
				SWIFT_OPTIMIZATION_LEVEL = "-Onone";
			};
			name = Debug;
		};
		E00A81ED21F7CDDD000F6DC2 /* Release */ = {
			isa = XCBuildConfiguration;
			buildSettings = {
				ALWAYS_SEARCH_USER_PATHS = NO;
				CLANG_ANALYZER_NONNULL = YES;
				CLANG_ANALYZER_NUMBER_OBJECT_CONVERSION = YES_AGGRESSIVE;
				CLANG_CXX_LANGUAGE_STANDARD = "gnu++14";
				CLANG_CXX_LIBRARY = "libc++";
				CLANG_ENABLE_MODULES = YES;
				CLANG_ENABLE_OBJC_ARC = YES;
				CLANG_ENABLE_OBJC_WEAK = YES;
				CLANG_WARN_BLOCK_CAPTURE_AUTORELEASING = YES;
				CLANG_WARN_BOOL_CONVERSION = YES;
				CLANG_WARN_COMMA = YES;
				CLANG_WARN_CONSTANT_CONVERSION = YES;
				CLANG_WARN_DEPRECATED_OBJC_IMPLEMENTATIONS = YES;
				CLANG_WARN_DIRECT_OBJC_ISA_USAGE = YES_ERROR;
				CLANG_WARN_DOCUMENTATION_COMMENTS = YES;
				CLANG_WARN_EMPTY_BODY = YES;
				CLANG_WARN_ENUM_CONVERSION = YES;
				CLANG_WARN_INFINITE_RECURSION = YES;
				CLANG_WARN_INT_CONVERSION = YES;
				CLANG_WARN_NON_LITERAL_NULL_CONVERSION = YES;
				CLANG_WARN_OBJC_IMPLICIT_RETAIN_SELF = YES;
				CLANG_WARN_OBJC_LITERAL_CONVERSION = YES;
				CLANG_WARN_OBJC_ROOT_CLASS = YES_ERROR;
				CLANG_WARN_RANGE_LOOP_ANALYSIS = YES;
				CLANG_WARN_STRICT_PROTOTYPES = YES;
				CLANG_WARN_SUSPICIOUS_MOVE = YES;
				CLANG_WARN_UNGUARDED_AVAILABILITY = YES_AGGRESSIVE;
				CLANG_WARN_UNREACHABLE_CODE = YES;
				CLANG_WARN__DUPLICATE_METHOD_MATCH = YES;
				CODE_SIGN_IDENTITY = "iPhone Developer";
				COPY_PHASE_STRIP = NO;
				DEBUG_INFORMATION_FORMAT = "dwarf-with-dsym";
				ENABLE_NS_ASSERTIONS = NO;
				ENABLE_STRICT_OBJC_MSGSEND = YES;
				GCC_C_LANGUAGE_STANDARD = gnu11;
				GCC_NO_COMMON_BLOCKS = YES;
				GCC_WARN_64_TO_32_BIT_CONVERSION = YES;
				GCC_WARN_ABOUT_RETURN_TYPE = YES_ERROR;
				GCC_WARN_UNDECLARED_SELECTOR = YES;
				GCC_WARN_UNINITIALIZED_AUTOS = YES_AGGRESSIVE;
				GCC_WARN_UNUSED_FUNCTION = YES;
				GCC_WARN_UNUSED_VARIABLE = YES;
				IPHONEOS_DEPLOYMENT_TARGET = 12.1;
				MTL_ENABLE_DEBUG_INFO = NO;
				MTL_FAST_MATH = YES;
				SDKROOT = iphoneos;
				SWIFT_COMPILATION_MODE = wholemodule;
				SWIFT_OPTIMIZATION_LEVEL = "-O";
				VALIDATE_PRODUCT = YES;
			};
			name = Release;
		};
		E00A81EF21F7CDDD000F6DC2 /* Debug */ = {
			isa = XCBuildConfiguration;
			baseConfigurationReference = 89B78343CA9D21C5714853BF /* Pods-Flixter.debug.xcconfig */;
			buildSettings = {
				ASSETCATALOG_COMPILER_APPICON_NAME = AppIcon;
				CODE_SIGN_STYLE = Automatic;
				INFOPLIST_FILE = Flixter/Info.plist;
				LD_RUNPATH_SEARCH_PATHS = (
					"$(inherited)",
					"@executable_path/Frameworks",
				);
				PRODUCT_BUNDLE_IDENTIFIER = uci.edu.Flixter;
				PRODUCT_NAME = "$(TARGET_NAME)";
				SWIFT_VERSION = 4.2;
				TARGETED_DEVICE_FAMILY = "1,2";
			};
			name = Debug;
		};
		E00A81F021F7CDDD000F6DC2 /* Release */ = {
			isa = XCBuildConfiguration;
			baseConfigurationReference = 1DB6FD40BB32E95F8A353DEC /* Pods-Flixter.release.xcconfig */;
			buildSettings = {
				ASSETCATALOG_COMPILER_APPICON_NAME = AppIcon;
				CODE_SIGN_STYLE = Automatic;
				INFOPLIST_FILE = Flixter/Info.plist;
				LD_RUNPATH_SEARCH_PATHS = (
					"$(inherited)",
					"@executable_path/Frameworks",
				);
				PRODUCT_BUNDLE_IDENTIFIER = uci.edu.Flixter;
				PRODUCT_NAME = "$(TARGET_NAME)";
				SWIFT_VERSION = 4.2;
				TARGETED_DEVICE_FAMILY = "1,2";
			};
			name = Release;
		};
		E00A81F221F7CDDD000F6DC2 /* Debug */ = {
			isa = XCBuildConfiguration;
			baseConfigurationReference = 814A045C3B6665D93757094C /* Pods-FlixterTests.debug.xcconfig */;
			buildSettings = {
				ALWAYS_EMBED_SWIFT_STANDARD_LIBRARIES = YES;
				BUNDLE_LOADER = "$(TEST_HOST)";
				CODE_SIGN_STYLE = Automatic;
				INFOPLIST_FILE = FlixterTests/Info.plist;
				LD_RUNPATH_SEARCH_PATHS = (
					"$(inherited)",
					"@executable_path/Frameworks",
					"@loader_path/Frameworks",
				);
				PRODUCT_BUNDLE_IDENTIFIER = uci.edu.FlixterTests;
				PRODUCT_NAME = "$(TARGET_NAME)";
				SWIFT_VERSION = 4.2;
				TARGETED_DEVICE_FAMILY = "1,2";
				TEST_HOST = "$(BUILT_PRODUCTS_DIR)/Flixter.app/Flixter";
			};
			name = Debug;
		};
		E00A81F321F7CDDD000F6DC2 /* Release */ = {
			isa = XCBuildConfiguration;
			baseConfigurationReference = 604B2FCEAE04B0A7FAE0F633 /* Pods-FlixterTests.release.xcconfig */;
			buildSettings = {
				ALWAYS_EMBED_SWIFT_STANDARD_LIBRARIES = YES;
				BUNDLE_LOADER = "$(TEST_HOST)";
				CODE_SIGN_STYLE = Automatic;
				INFOPLIST_FILE = FlixterTests/Info.plist;
				LD_RUNPATH_SEARCH_PATHS = (
					"$(inherited)",
					"@executable_path/Frameworks",
					"@loader_path/Frameworks",
				);
				PRODUCT_BUNDLE_IDENTIFIER = uci.edu.FlixterTests;
				PRODUCT_NAME = "$(TARGET_NAME)";
				SWIFT_VERSION = 4.2;
				TARGETED_DEVICE_FAMILY = "1,2";
				TEST_HOST = "$(BUILT_PRODUCTS_DIR)/Flixter.app/Flixter";
			};
			name = Release;
		};
		E00A81F521F7CDDD000F6DC2 /* Debug */ = {
			isa = XCBuildConfiguration;
			baseConfigurationReference = AD8983D26029FC1CD54AF6F4 /* Pods-FlixterUITests.debug.xcconfig */;
			buildSettings = {
				ALWAYS_EMBED_SWIFT_STANDARD_LIBRARIES = YES;
				CODE_SIGN_STYLE = Automatic;
				INFOPLIST_FILE = FlixterUITests/Info.plist;
				LD_RUNPATH_SEARCH_PATHS = (
					"$(inherited)",
					"@executable_path/Frameworks",
					"@loader_path/Frameworks",
				);
				PRODUCT_BUNDLE_IDENTIFIER = uci.edu.FlixterUITests;
				PRODUCT_NAME = "$(TARGET_NAME)";
				SWIFT_VERSION = 4.2;
				TARGETED_DEVICE_FAMILY = "1,2";
				TEST_TARGET_NAME = Flixter;
			};
			name = Debug;
		};
		E00A81F621F7CDDD000F6DC2 /* Release */ = {
			isa = XCBuildConfiguration;
			baseConfigurationReference = 0C2609DE761F6AC411BBD2F0 /* Pods-FlixterUITests.release.xcconfig */;
			buildSettings = {
				ALWAYS_EMBED_SWIFT_STANDARD_LIBRARIES = YES;
				CODE_SIGN_STYLE = Automatic;
				INFOPLIST_FILE = FlixterUITests/Info.plist;
				LD_RUNPATH_SEARCH_PATHS = (
					"$(inherited)",
					"@executable_path/Frameworks",
					"@loader_path/Frameworks",
				);
				PRODUCT_BUNDLE_IDENTIFIER = uci.edu.FlixterUITests;
				PRODUCT_NAME = "$(TARGET_NAME)";
				SWIFT_VERSION = 4.2;
				TARGETED_DEVICE_FAMILY = "1,2";
				TEST_TARGET_NAME = Flixter;
			};
			name = Release;
		};
/* End XCBuildConfiguration section */

/* Begin XCConfigurationList section */
		E00A81C121F7CDDB000F6DC2 /* Build configuration list for PBXProject "Flixter" */ = {
			isa = XCConfigurationList;
			buildConfigurations = (
				E00A81EC21F7CDDD000F6DC2 /* Debug */,
				E00A81ED21F7CDDD000F6DC2 /* Release */,
			);
			defaultConfigurationIsVisible = 0;
			defaultConfigurationName = Release;
		};
		E00A81EE21F7CDDD000F6DC2 /* Build configuration list for PBXNativeTarget "Flixter" */ = {
			isa = XCConfigurationList;
			buildConfigurations = (
				E00A81EF21F7CDDD000F6DC2 /* Debug */,
				E00A81F021F7CDDD000F6DC2 /* Release */,
			);
			defaultConfigurationIsVisible = 0;
			defaultConfigurationName = Release;
		};
		E00A81F121F7CDDD000F6DC2 /* Build configuration list for PBXNativeTarget "FlixterTests" */ = {
			isa = XCConfigurationList;
			buildConfigurations = (
				E00A81F221F7CDDD000F6DC2 /* Debug */,
				E00A81F321F7CDDD000F6DC2 /* Release */,
			);
			defaultConfigurationIsVisible = 0;
			defaultConfigurationName = Release;
		};
		E00A81F421F7CDDD000F6DC2 /* Build configuration list for PBXNativeTarget "FlixterUITests" */ = {
			isa = XCConfigurationList;
			buildConfigurations = (
				E00A81F521F7CDDD000F6DC2 /* Debug */,
				E00A81F621F7CDDD000F6DC2 /* Release */,
			);
			defaultConfigurationIsVisible = 0;
			defaultConfigurationName = Release;
		};
/* End XCConfigurationList section */
	};
	rootObject = E00A81BE21F7CDDB000F6DC2 /* Project object */;
}
